// !$*UTF8*$!
{
	archiveVersion = 1;
	classes = {
	};
	objectVersion = 48;
	objects = {

/* Begin PBXBuildFile section */
		38AF05422011F24C00B5E6BF /* LinkList.c in Sources */ = {isa = PBXBuildFile; fileRef = 38AF05282011F24C00B5E6BF /* LinkList.c */; };
		38AF05432011F24C00B5E6BF /* Heap.c in Sources */ = {isa = PBXBuildFile; fileRef = 38AF05292011F24C00B5E6BF /* Heap.c */; };
		38AF05442011F24C00B5E6BF /* Stack.c in Sources */ = {isa = PBXBuildFile; fileRef = 38AF052A2011F24C00B5E6BF /* Stack.c */; };
		38AF05452011F24C00B5E6BF /* CPointer.c in Sources */ = {isa = PBXBuildFile; fileRef = 38AF052B2011F24C00B5E6BF /* CPointer.c */; };
		38AF05462011F24C00B5E6BF /* PQueue.c in Sources */ = {isa = PBXBuildFile; fileRef = 38AF052C2011F24C00B5E6BF /* PQueue.c */; };
		38AF05472011F24C00B5E6BF /* Set.c in Sources */ = {isa = PBXBuildFile; fileRef = 38AF052E2011F24C00B5E6BF /* Set.c */; };
		38AF05482011F24C00B5E6BF /* Queue.c in Sources */ = {isa = PBXBuildFile; fileRef = 38AF052F2011F24C00B5E6BF /* Queue.c */; };
		38AF05492011F24C00B5E6BF /* CHTbl.c in Sources */ = {isa = PBXBuildFile; fileRef = 38AF05312011F24C00B5E6BF /* CHTbl.c */; };
		38AF054A2011F24C00B5E6BF /* OHTbl.c in Sources */ = {isa = PBXBuildFile; fileRef = 38AF05332011F24C00B5E6BF /* OHTbl.c */; };
		38AF054B2011F24C00B5E6BF /* main.m in Sources */ = {isa = PBXBuildFile; fileRef = 38AF05342011F24C00B5E6BF /* main.m */; };
		38AF054C2011F24C00B5E6BF /* BiSTree.c in Sources */ = {isa = PBXBuildFile; fileRef = 38AF05392011F24C00B5E6BF /* BiSTree.c */; };
		38AF054D2011F24C00B5E6BF /* Graph.c in Sources */ = {isa = PBXBuildFile; fileRef = 38AF053B2011F24C00B5E6BF /* Graph.c */; };
		38AF054E2011F24C00B5E6BF /* BiTree.c in Sources */ = {isa = PBXBuildFile; fileRef = 38AF053D2011F24C00B5E6BF /* BiTree.c */; };
		38AF054F2011F24C00B5E6BF /* Info.plist in Resources */ = {isa = PBXBuildFile; fileRef = 38AF053E2011F24C00B5E6BF /* Info.plist */; };
		38AF05522011F28D00B5E6BF /* Issort.c in Sources */ = {isa = PBXBuildFile; fileRef = 38AF05512011F28D00B5E6BF /* Issort.c */; };
		38AF05552011FA5D00B5E6BF /* Qksort.c in Sources */ = {isa = PBXBuildFile; fileRef = 38AF05542011FA5D00B5E6BF /* Qksort.c */; };
		38AFF4B3200F6A3200B5E6BF /* bsf.c in Sources */ = {isa = PBXBuildFile; fileRef = 38AFF4B2200F6A3200B5E6BF /* bsf.c */; };
		3D4C23D92010DECD00C055FE /* dfs.c in Sources */ = {isa = PBXBuildFile; fileRef = 3D4C23D72010DECD00C055FE /* dfs.c */; };
		7BC699AF2009164F00D797AC /* traverse.c in Sources */ = {isa = PBXBuildFile; fileRef = 7BC699992009164D00D797AC /* traverse.c */; };
/* End PBXBuildFile section */

/* Begin PBXFileReference section */
		38AF05272011F24C00B5E6BF /* OHTbl.h */ = {isa = PBXFileReference; fileEncoding = 4; lastKnownFileType = sourcecode.c.h; path = OHTbl.h; sourceTree = "<group>"; };
		38AF05282011F24C00B5E6BF /* LinkList.c */ = {isa = PBXFileReference; fileEncoding = 4; lastKnownFileType = sourcecode.c.c; path = LinkList.c; sourceTree = "<group>"; };
		38AF05292011F24C00B5E6BF /* Heap.c */ = {isa = PBXFileReference; fileEncoding = 4; lastKnownFileType = sourcecode.c.c; path = Heap.c; sourceTree = "<group>"; };
		38AF052A2011F24C00B5E6BF /* Stack.c */ = {isa = PBXFileReference; fileEncoding = 4; lastKnownFileType = sourcecode.c.c; path = Stack.c; sourceTree = "<group>"; };
		38AF052B2011F24C00B5E6BF /* CPointer.c */ = {isa = PBXFileReference; fileEncoding = 4; lastKnownFileType = sourcecode.c.c; path = CPointer.c; sourceTree = "<group>"; };
		38AF052C2011F24C00B5E6BF /* PQueue.c */ = {isa = PBXFileReference; fileEncoding = 4; lastKnownFileType = sourcecode.c.c; path = PQueue.c; sourceTree = "<group>"; };
		38AF052D2011F24C00B5E6BF /* BiSTree.h */ = {isa = PBXFileReference; fileEncoding = 4; lastKnownFileType = sourcecode.c.h; path = BiSTree.h; sourceTree = "<group>"; };
		38AF052E2011F24C00B5E6BF /* Set.c */ = {isa = PBXFileReference; fileEncoding = 4; lastKnownFileType = sourcecode.c.c; path = Set.c; sourceTree = "<group>"; };
		38AF052F2011F24C00B5E6BF /* Queue.c */ = {isa = PBXFileReference; fileEncoding = 4; lastKnownFileType = sourcecode.c.c; path = Queue.c; sourceTree = "<group>"; };
		38AF05302011F24C00B5E6BF /* Graph.h */ = {isa = PBXFileReference; fileEncoding = 4; lastKnownFileType = sourcecode.c.h; path = Graph.h; sourceTree = "<group>"; };
		38AF05312011F24C00B5E6BF /* CHTbl.c */ = {isa = PBXFileReference; fileEncoding = 4; lastKnownFileType = sourcecode.c.c; path = CHTbl.c; sourceTree = "<group>"; };
		38AF05322011F24C00B5E6BF /* BiTree.h */ = {isa = PBXFileReference; fileEncoding = 4; lastKnownFileType = sourcecode.c.h; path = BiTree.h; sourceTree = "<group>"; };
		38AF05332011F24C00B5E6BF /* OHTbl.c */ = {isa = PBXFileReference; fileEncoding = 4; lastKnownFileType = sourcecode.c.c; path = OHTbl.c; sourceTree = "<group>"; };
		38AF05342011F24C00B5E6BF /* main.m */ = {isa = PBXFileReference; fileEncoding = 4; lastKnownFileType = sourcecode.c.objc; path = main.m; sourceTree = "<group>"; };
		38AF05352011F24C00B5E6BF /* Stack.h */ = {isa = PBXFileReference; fileEncoding = 4; lastKnownFileType = sourcecode.c.h; path = Stack.h; sourceTree = "<group>"; };
		38AF05362011F24C00B5E6BF /* LinkList.h */ = {isa = PBXFileReference; fileEncoding = 4; lastKnownFileType = sourcecode.c.h; path = LinkList.h; sourceTree = "<group>"; };
		38AF05372011F24C00B5E6BF /* Heap.h */ = {isa = PBXFileReference; fileEncoding = 4; lastKnownFileType = sourcecode.c.h; path = Heap.h; sourceTree = "<group>"; };
		38AF05382011F24C00B5E6BF /* PQueue.h */ = {isa = PBXFileReference; fileEncoding = 4; lastKnownFileType = sourcecode.c.h; path = PQueue.h; sourceTree = "<group>"; };
		38AF05392011F24C00B5E6BF /* BiSTree.c */ = {isa = PBXFileReference; fileEncoding = 4; lastKnownFileType = sourcecode.c.c; path = BiSTree.c; sourceTree = "<group>"; };
		38AF053A2011F24C00B5E6BF /* CPointer.h */ = {isa = PBXFileReference; fileEncoding = 4; lastKnownFileType = sourcecode.c.h; path = CPointer.h; sourceTree = "<group>"; };
		38AF053B2011F24C00B5E6BF /* Graph.c */ = {isa = PBXFileReference; fileEncoding = 4; lastKnownFileType = sourcecode.c.c; path = Graph.c; sourceTree = "<group>"; };
		38AF053C2011F24C00B5E6BF /* CHTbl.h */ = {isa = PBXFileReference; fileEncoding = 4; lastKnownFileType = sourcecode.c.h; path = CHTbl.h; sourceTree = "<group>"; };
		38AF053D2011F24C00B5E6BF /* BiTree.c */ = {isa = PBXFileReference; fileEncoding = 4; lastKnownFileType = sourcecode.c.c; path = BiTree.c; sourceTree = "<group>"; };
		38AF053E2011F24C00B5E6BF /* Info.plist */ = {isa = PBXFileReference; fileEncoding = 4; lastKnownFileType = text.plist.xml; path = Info.plist; sourceTree = "<group>"; };
		38AF053F2011F24C00B5E6BF /* Queue.h */ = {isa = PBXFileReference; fileEncoding = 4; lastKnownFileType = sourcecode.c.h; path = Queue.h; sourceTree = "<group>"; };
		38AF05402011F24C00B5E6BF /* Set.h */ = {isa = PBXFileReference; fileEncoding = 4; lastKnownFileType = sourcecode.c.h; path = Set.h; sourceTree = "<group>"; };
		38AF05502011F28D00B5E6BF /* Issort.h */ = {isa = PBXFileReference; lastKnownFileType = sourcecode.c.h; path = Issort.h; sourceTree = "<group>"; };
		38AF05512011F28D00B5E6BF /* Issort.c */ = {isa = PBXFileReference; lastKnownFileType = sourcecode.c.c; path = Issort.c; sourceTree = "<group>"; };
		38AF05532011FA5D00B5E6BF /* Qksort.h */ = {isa = PBXFileReference; lastKnownFileType = sourcecode.c.h; path = Qksort.h; sourceTree = "<group>"; };
		38AF05542011FA5D00B5E6BF /* Qksort.c */ = {isa = PBXFileReference; lastKnownFileType = sourcecode.c.c; path = Qksort.c; sourceTree = "<group>"; };
		38AFF4B1200F6A3200B5E6BF /* bsf.h */ = {isa = PBXFileReference; lastKnownFileType = sourcecode.c.h; path = bsf.h; sourceTree = "<group>"; };
		38AFF4B2200F6A3200B5E6BF /* bsf.c */ = {isa = PBXFileReference; lastKnownFileType = sourcecode.c.c; path = bsf.c; sourceTree = "<group>"; };
		3D4C23D72010DECD00C055FE /* dfs.c */ = {isa = PBXFileReference; lastKnownFileType = sourcecode.c.c; path = dfs.c; sourceTree = "<group>"; };
		3D4C23D82010DECD00C055FE /* dfs.h */ = {isa = PBXFileReference; lastKnownFileType = sourcecode.c.h; path = dfs.h; sourceTree = "<group>"; };
		7BC6997E200915FC00D797AC /* DatastructAndAlgorithm.app */ = {isa = PBXFileReference; explicitFileType = wrapper.application; includeInIndex = 0; path = DatastructAndAlgorithm.app; sourceTree = BUILT_PRODUCTS_DIR; };
		7BC699992009164D00D797AC /* traverse.c */ = {isa = PBXFileReference; fileEncoding = 4; lastKnownFileType = sourcecode.c.c; path = traverse.c; sourceTree = "<group>"; };
		7BC6999A2009164D00D797AC /* traverse.h */ = {isa = PBXFileReference; fileEncoding = 4; lastKnownFileType = sourcecode.c.h; path = traverse.h; sourceTree = "<group>"; };
/* End PBXFileReference section */

/* Begin PBXFrameworksBuildPhase section */
		7BC6997B200915FC00D797AC /* Frameworks */ = {
			isa = PBXFrameworksBuildPhase;
			buildActionMask = 2147483647;
			files = (
			);
			runOnlyForDeploymentPostprocessing = 0;
		};
/* End PBXFrameworksBuildPhase section */

/* Begin PBXGroup section */
		38AF05262011F24C00B5E6BF /* Datastructure */ = {
			isa = PBXGroup;
			children = (
				38AF05272011F24C00B5E6BF /* OHTbl.h */,
				38AF05282011F24C00B5E6BF /* LinkList.c */,
				38AF05292011F24C00B5E6BF /* Heap.c */,
				38AF052A2011F24C00B5E6BF /* Stack.c */,
				38AF052B2011F24C00B5E6BF /* CPointer.c */,
				38AF052C2011F24C00B5E6BF /* PQueue.c */,
				38AF052D2011F24C00B5E6BF /* BiSTree.h */,
				38AF052E2011F24C00B5E6BF /* Set.c */,
				38AF052F2011F24C00B5E6BF /* Queue.c */,
				38AF05302011F24C00B5E6BF /* Graph.h */,
				38AF05312011F24C00B5E6BF /* CHTbl.c */,
				38AF05322011F24C00B5E6BF /* BiTree.h */,
				38AF05332011F24C00B5E6BF /* OHTbl.c */,
				38AF05342011F24C00B5E6BF /* main.m */,
				38AF05352011F24C00B5E6BF /* Stack.h */,
				38AF05362011F24C00B5E6BF /* LinkList.h */,
				38AF05372011F24C00B5E6BF /* Heap.h */,
				38AF05382011F24C00B5E6BF /* PQueue.h */,
				38AF05392011F24C00B5E6BF /* BiSTree.c */,
				38AF053A2011F24C00B5E6BF /* CPointer.h */,
				38AF053B2011F24C00B5E6BF /* Graph.c */,
				38AF053C2011F24C00B5E6BF /* CHTbl.h */,
				38AF053D2011F24C00B5E6BF /* BiTree.c */,
				38AF053E2011F24C00B5E6BF /* Info.plist */,
				38AF053F2011F24C00B5E6BF /* Queue.h */,
				38AF05402011F24C00B5E6BF /* Set.h */,
			);
			path = Datastructure;
			sourceTree = "<group>";
		};
		38AF05412011F24C00B5E6BF /* Algorithm */ = {
			isa = PBXGroup;
			children = (
				38AF05502011F28D00B5E6BF /* Issort.h */,
				38AF05512011F28D00B5E6BF /* Issort.c */,
				38AF05532011FA5D00B5E6BF /* Qksort.h */,
				38AF05542011FA5D00B5E6BF /* Qksort.c */,
			);
			path = Algorithm;
			sourceTree = "<group>";
		};
		7BC69975200915FC00D797AC = {
			isa = PBXGroup;
			children = (
				7BC69980200915FC00D797AC /* DatastructAndAlgorithm */,
				7BC6997F200915FC00D797AC /* Products */,
			);
			sourceTree = "<group>";
		};
		7BC6997F200915FC00D797AC /* Products */ = {
			isa = PBXGroup;
			children = (
				7BC6997E200915FC00D797AC /* DatastructAndAlgorithm.app */,
			);
			name = Products;
			sourceTree = "<group>";
		};
		7BC69980200915FC00D797AC /* DatastructAndAlgorithm */ = {
			isa = PBXGroup;
			children = (
				38AF05412011F24C00B5E6BF /* Algorithm */,
				38AF05262011F24C00B5E6BF /* Datastructure */,
				7BC699982009164D00D797AC /* example */,
			);
			path = DatastructAndAlgorithm;
			sourceTree = "<group>";
		};
		7BC699982009164D00D797AC /* example */ = {
			isa = PBXGroup;
			children = (
				7BC6999A2009164D00D797AC /* traverse.h */,
				7BC699992009164D00D797AC /* traverse.c */,
				38AFF4B1200F6A3200B5E6BF /* bsf.h */,
				38AFF4B2200F6A3200B5E6BF /* bsf.c */,
				3D4C23D82010DECD00C055FE /* dfs.h */,
				3D4C23D72010DECD00C055FE /* dfs.c */,
			);
			path = example;
			sourceTree = "<group>";
		};
/* End PBXGroup section */

/* Begin PBXNativeTarget section */
		7BC6997D200915FC00D797AC /* DatastructAndAlgorithm */ = {
			isa = PBXNativeTarget;
			buildConfigurationList = 7BC69994200915FC00D797AC /* Build configuration list for PBXNativeTarget "DatastructAndAlgorithm" */;
			buildPhases = (
				7BC6997A200915FC00D797AC /* Sources */,
				7BC6997B200915FC00D797AC /* Frameworks */,
				7BC6997C200915FC00D797AC /* Resources */,
			);
			buildRules = (
			);
			dependencies = (
			);
			name = DatastructAndAlgorithm;
			productName = DatastructAndAlgorithm;
			productReference = 7BC6997E200915FC00D797AC /* DatastructAndAlgorithm.app */;
			productType = "com.apple.product-type.application";
		};
/* End PBXNativeTarget section */

/* Begin PBXProject section */
		7BC69976200915FC00D797AC /* Project object */ = {
			isa = PBXProject;
			attributes = {
				LastUpgradeCheck = 0920;
				ORGANIZATIONNAME = haipeng;
				TargetAttributes = {
					7BC6997D200915FC00D797AC = {
						CreatedOnToolsVersion = 9.2;
						ProvisioningStyle = Automatic;
					};
				};
			};
			buildConfigurationList = 7BC69979200915FC00D797AC /* Build configuration list for PBXProject "DatastructAndAlgorithm" */;
			compatibilityVersion = "Xcode 8.0";
			developmentRegion = en;
			hasScannedForEncodings = 0;
			knownRegions = (
				en,
				Base,
			);
			mainGroup = 7BC69975200915FC00D797AC;
			productRefGroup = 7BC6997F200915FC00D797AC /* Products */;
			projectDirPath = "";
			projectRoot = "";
			targets = (
				7BC6997D200915FC00D797AC /* DatastructAndAlgorithm */,
			);
		};
/* End PBXProject section */

/* Begin PBXResourcesBuildPhase section */
		7BC6997C200915FC00D797AC /* Resources */ = {
			isa = PBXResourcesBuildPhase;
			buildActionMask = 2147483647;
			files = (
				38AF054F2011F24C00B5E6BF /* Info.plist in Resources */,
			);
			runOnlyForDeploymentPostprocessing = 0;
		};
/* End PBXResourcesBuildPhase section */

/* Begin PBXSourcesBuildPhase section */
		7BC6997A200915FC00D797AC /* Sources */ = {
			isa = PBXSourcesBuildPhase;
			buildActionMask = 2147483647;
			files = (
				38AF054B2011F24C00B5E6BF /* main.m in Sources */,
				38AF05442011F24C00B5E6BF /* Stack.c in Sources */,
				38AF05452011F24C00B5E6BF /* CPointer.c in Sources */,
				38AF05522011F28D00B5E6BF /* Issort.c in Sources */,
				38AF054D2011F24C00B5E6BF /* Graph.c in Sources */,
				38AF054E2011F24C00B5E6BF /* BiTree.c in Sources */,
				38AF05432011F24C00B5E6BF /* Heap.c in Sources */,
				38AF05552011FA5D00B5E6BF /* Qksort.c in Sources */,
				3D4C23D92010DECD00C055FE /* dfs.c in Sources */,
				38AF05422011F24C00B5E6BF /* LinkList.c in Sources */,
				38AF05482011F24C00B5E6BF /* Queue.c in Sources */,
				38AFF4B3200F6A3200B5E6BF /* bsf.c in Sources */,
				38AF054C2011F24C00B5E6BF /* BiSTree.c in Sources */,
				38AF05472011F24C00B5E6BF /* Set.c in Sources */,
				38AF05492011F24C00B5E6BF /* CHTbl.c in Sources */,
				38AF054A2011F24C00B5E6BF /* OHTbl.c in Sources */,
				38AF05462011F24C00B5E6BF /* PQueue.c in Sources */,
				7BC699AF2009164F00D797AC /* traverse.c in Sources */,
			);
			runOnlyForDeploymentPostprocessing = 0;
		};
/* End PBXSourcesBuildPhase section */

/* Begin XCBuildConfiguration section */
		7BC69992200915FC00D797AC /* Debug */ = {
			isa = XCBuildConfiguration;
			buildSettings = {
				ALWAYS_SEARCH_USER_PATHS = NO;
				CLANG_ANALYZER_NONNULL = YES;
				CLANG_ANALYZER_NUMBER_OBJECT_CONVERSION = YES_AGGRESSIVE;
				CLANG_CXX_LANGUAGE_STANDARD = "gnu++14";
				CLANG_CXX_LIBRARY = "libc++";
				CLANG_ENABLE_MODULES = YES;
				CLANG_ENABLE_OBJC_ARC = YES;
				CLANG_WARN_BLOCK_CAPTURE_AUTORELEASING = YES;
				CLANG_WARN_BOOL_CONVERSION = YES;
				CLANG_WARN_COMMA = YES;
				CLANG_WARN_CONSTANT_CONVERSION = YES;
				CLANG_WARN_DIRECT_OBJC_ISA_USAGE = YES_ERROR;
				CLANG_WARN_DOCUMENTATION_COMMENTS = YES;
				CLANG_WARN_EMPTY_BODY = YES;
				CLANG_WARN_ENUM_CONVERSION = YES;
				CLANG_WARN_INFINITE_RECURSION = YES;
				CLANG_WARN_INT_CONVERSION = YES;
				CLANG_WARN_NON_LITERAL_NULL_CONVERSION = YES;
				CLANG_WARN_OBJC_LITERAL_CONVERSION = YES;
				CLANG_WARN_OBJC_ROOT_CLASS = YES_ERROR;
				CLANG_WARN_RANGE_LOOP_ANALYSIS = YES;
				CLANG_WARN_STRICT_PROTOTYPES = YES;
				CLANG_WARN_SUSPICIOUS_MOVE = YES;
				CLANG_WARN_UNGUARDED_AVAILABILITY = YES_AGGRESSIVE;
				CLANG_WARN_UNREACHABLE_CODE = YES;
				CLANG_WARN__DUPLICATE_METHOD_MATCH = YES;
				CODE_SIGN_IDENTITY = "iPhone Developer";
				COPY_PHASE_STRIP = NO;
				DEBUG_INFORMATION_FORMAT = dwarf;
				ENABLE_STRICT_OBJC_MSGSEND = YES;
				ENABLE_TESTABILITY = YES;
				GCC_C_LANGUAGE_STANDARD = gnu11;
				GCC_DYNAMIC_NO_PIC = NO;
				GCC_NO_COMMON_BLOCKS = YES;
				GCC_OPTIMIZATION_LEVEL = 0;
				GCC_PREPROCESSOR_DEFINITIONS = (
					"DEBUG=1",
					"$(inherited)",
				);
				GCC_WARN_64_TO_32_BIT_CONVERSION = YES;
				GCC_WARN_ABOUT_RETURN_TYPE = YES_ERROR;
				GCC_WARN_UNDECLARED_SELECTOR = YES;
				GCC_WARN_UNINITIALIZED_AUTOS = YES_AGGRESSIVE;
				GCC_WARN_UNUSED_FUNCTION = YES;
				GCC_WARN_UNUSED_VARIABLE = YES;
				IPHONEOS_DEPLOYMENT_TARGET = 11.2;
				MTL_ENABLE_DEBUG_INFO = YES;
				ONLY_ACTIVE_ARCH = YES;
				SDKROOT = iphoneos;
			};
			name = Debug;
		};
		7BC69993200915FC00D797AC /* Release */ = {
			isa = XCBuildConfiguration;
			buildSettings = {
				ALWAYS_SEARCH_USER_PATHS = NO;
				CLANG_ANALYZER_NONNULL = YES;
				CLANG_ANALYZER_NUMBER_OBJECT_CONVERSION = YES_AGGRESSIVE;
				CLANG_CXX_LANGUAGE_STANDARD = "gnu++14";
				CLANG_CXX_LIBRARY = "libc++";
				CLANG_ENABLE_MODULES = YES;
				CLANG_ENABLE_OBJC_ARC = YES;
				CLANG_WARN_BLOCK_CAPTURE_AUTORELEASING = YES;
				CLANG_WARN_BOOL_CONVERSION = YES;
				CLANG_WARN_COMMA = YES;
				CLANG_WARN_CONSTANT_CONVERSION = YES;
				CLANG_WARN_DIRECT_OBJC_ISA_USAGE = YES_ERROR;
				CLANG_WARN_DOCUMENTATION_COMMENTS = YES;
				CLANG_WARN_EMPTY_BODY = YES;
				CLANG_WARN_ENUM_CONVERSION = YES;
				CLANG_WARN_INFINITE_RECURSION = YES;
				CLANG_WARN_INT_CONVERSION = YES;
				CLANG_WARN_NON_LITERAL_NULL_CONVERSION = YES;
				CLANG_WARN_OBJC_LITERAL_CONVERSION = YES;
				CLANG_WARN_OBJC_ROOT_CLASS = YES_ERROR;
				CLANG_WARN_RANGE_LOOP_ANALYSIS = YES;
				CLANG_WARN_STRICT_PROTOTYPES = YES;
				CLANG_WARN_SUSPICIOUS_MOVE = YES;
				CLANG_WARN_UNGUARDED_AVAILABILITY = YES_AGGRESSIVE;
				CLANG_WARN_UNREACHABLE_CODE = YES;
				CLANG_WARN__DUPLICATE_METHOD_MATCH = YES;
				CODE_SIGN_IDENTITY = "iPhone Developer";
				COPY_PHASE_STRIP = NO;
				DEBUG_INFORMATION_FORMAT = "dwarf-with-dsym";
				ENABLE_NS_ASSERTIONS = NO;
				ENABLE_STRICT_OBJC_MSGSEND = YES;
				GCC_C_LANGUAGE_STANDARD = gnu11;
				GCC_NO_COMMON_BLOCKS = YES;
				GCC_WARN_64_TO_32_BIT_CONVERSION = YES;
				GCC_WARN_ABOUT_RETURN_TYPE = YES_ERROR;
				GCC_WARN_UNDECLARED_SELECTOR = YES;
				GCC_WARN_UNINITIALIZED_AUTOS = YES_AGGRESSIVE;
				GCC_WARN_UNUSED_FUNCTION = YES;
				GCC_WARN_UNUSED_VARIABLE = YES;
				IPHONEOS_DEPLOYMENT_TARGET = 11.2;
				MTL_ENABLE_DEBUG_INFO = NO;
				SDKROOT = iphoneos;
				VALIDATE_PRODUCT = YES;
			};
			name = Release;
		};
		7BC69995200915FC00D797AC /* Debug */ = {
			isa = XCBuildConfiguration;
			buildSettings = {
				ASSETCATALOG_COMPILER_APPICON_NAME = AppIcon;
				CODE_SIGN_STYLE = Automatic;
				INFOPLIST_FILE = DatastructAndAlgorithm/Info.plist;
				LD_RUNPATH_SEARCH_PATHS = "$(inherited) @executable_path/Frameworks";
				PRODUCT_BUNDLE_IDENTIFIER = haipeng.DatastructAndAlgorithm;
				PRODUCT_NAME = "$(TARGET_NAME)";
				TARGETED_DEVICE_FAMILY = "1,2";
			};
			name = Debug;
		};
		7BC69996200915FC00D797AC /* Release */ = {
			isa = XCBuildConfiguration;
			buildSettings = {
				ASSETCATALOG_COMPILER_APPICON_NAME = AppIcon;
				CODE_SIGN_STYLE = Automatic;
				INFOPLIST_FILE = DatastructAndAlgorithm/Info.plist;
				LD_RUNPATH_SEARCH_PATHS = "$(inherited) @executable_path/Frameworks";
				PRODUCT_BUNDLE_IDENTIFIER = haipeng.DatastructAndAlgorithm;
				PRODUCT_NAME = "$(TARGET_NAME)";
				TARGETED_DEVICE_FAMILY = "1,2";
			};
			name = Release;
		};
/* End XCBuildConfiguration section */

/* Begin XCConfigurationList section */
		7BC69979200915FC00D797AC /* Build configuration list for PBXProject "DatastructAndAlgorithm" */ = {
			isa = XCConfigurationList;
			buildConfigurations = (
				7BC69992200915FC00D797AC /* Debug */,
				7BC69993200915FC00D797AC /* Release */,
			);
			defaultConfigurationIsVisible = 0;
			defaultConfigurationName = Release;
		};
		7BC69994200915FC00D797AC /* Build configuration list for PBXNativeTarget "DatastructAndAlgorithm" */ = {
			isa = XCConfigurationList;
			buildConfigurations = (
				7BC69995200915FC00D797AC /* Debug */,
				7BC69996200915FC00D797AC /* Release */,
			);
			defaultConfigurationIsVisible = 0;
			defaultConfigurationName = Release;
		};
/* End XCConfigurationList section */
	};
	rootObject = 7BC69976200915FC00D797AC /* Project object */;
}
